
Microsoft Visual Studio Solution File, Format Version 12.00
# Visual Studio Version 17
VisualStudioVersion = 17.14.36429.23 d17.14
MinimumVisualStudioVersion = 10.0.40219.1
Project("{FAE04EC0-301F-11D3-BF4B-00C04F79EFBC}") = "Serein.Candle.WebApi", "Serein.Candle.WebApi\Serein.Candle.WebApi.csproj", "{C3C031EE-6BDE-499E-A4E1-247CA5419DB6}"
EndProject
Global
	GlobalSection(SolutionConfigurationPlatforms) = preSolution
		Debug|Any CPU = Debug|Any CPU
		Release|Any CPU = Release|Any CPU
	EndGlobalSection
	GlobalSection(ProjectConfigurationPlatforms) = postSolution
		{C3C031EE-6BDE-499E-A4E1-247CA5419DB6}.Debug|Any CPU.ActiveCfg = Debug|Any CPU
		{C3C031EE-6BDE-499E-A4E1-247CA5419DB6}.Debug|Any CPU.Build.0 = Debug|Any CPU
		{C3C031EE-6BDE-499E-A4E1-247CA5419DB6}.Release|Any CPU.ActiveCfg = Release|Any CPU
		{C3C031EE-6BDE-499E-A4E1-247CA5419DB6}.Release|Any CPU.Build.0 = Release|Any CPU
	EndGlobalSection
	GlobalSection(SolutionProperties) = preSolution
		HideSolutionNode = FALSE
	EndGlobalSection
	GlobalSection(ExtensibilityGlobals) = postSolution
		SolutionGuid = {817CA4F7-D369-4865-9EA3-397F312B636E}
	EndGlobalSection
EndGlobal
